{
  "name": "@matt.kantor/option",
  "version": "0.0.1",
  "lockfileVersion": 3,
  "requires": true,
  "packages": {
    "": {
      "name": "@matt.kantor/option",
      "version": "0.0.1",
      "license": "MIT",
      "dependencies": {
        "@matt.kantor/option-tag-symbol": "*"
      },
      "devDependencies": {
        "typescript": "^5.7.3"
      }
    },
    "node_modules/@matt.kantor/option-tag-symbol": {
      "version": "0.0.1",
      "resolved": "https://registry.npmjs.org/@matt.kantor/option-tag-symbol/-/option-tag-symbol-0.0.1.tgz",
      "integrity": "sha512-utd7EiWWWT9aDRyvulgJey/PE5aB+8SoDNtnh/Eyd/r2KQ1dh8D4fIidOqhpZK6WABvQL6a7xsE6MUr5XYmUjA==",
      "license": "MIT"
    },
    "node_modules/typescript": {
      "version": "5.7.3",
      "resolved": "https://registry.npmjs.org/typescript/-/typescript-5.7.3.tgz",
      "integrity": "sha512-84MVSjMEHP+FQRPy3pX9sTVV/INIex71s9TL2Gm5FG/WG1SqXeKyZ0k7/blY/4FdOzI12CBy1vGc4og/eus0fw==",
      "dev": true,
      "license": "Apache-2.0",
      "bin": {
        "tsc": "bin/tsc",
        "tsserver": "bin/tsserver"
      },
      "engines": {
        "node": ">=14.17"
      }
    }
  }
}
